# This file is automatically @generated by Cargo.
# It is not intended for manual editing.
version = 4

[[package]]
name = "l64"
version = "0.1.3"

[[package]]
name = "l64-certification"
version = "0.1.3"
dependencies = [
 "l64-native",
 "l64-projection",
]

[[package]]
name = "l64-change"
version = "0.1.3"
dependencies = [
 "l64-certification",
 "l64-native",
 "l64-observation",
 "l64-transport",
]

[[package]]
name = "l64-cli"
version = "0.1.3"
dependencies = [
 "l64-certification",
 "l64-change",
 "l64-execution",
 "l64-native",
 "l64-observation",
 "l64-projection",
 "l64-release",
 "l64-transport",
]

[[package]]
name = "l64-execution"
version = "0.1.3"
dependencies = [
 "l64-certification",
 "l64-native",
 "l64-projection",
]

[[package]]
name = "l64-native"
version = "0.1.3"
dependencies = [
 "l64-symbolic",
]

[[package]]
name = "l64-observation"
version = "0.1.3"
dependencies = [
 "l64-certification",
 "l64-native",
 "l64-projection",
 "l64-transport",
]

[[package]]
name = "l64-projection"
version = "0.1.3"
dependencies = [
 "l64-native",
]

[[package]]
name = "l64-release"
version = "0.1.3"
dependencies = [
 "l64-native",
 "l64-projection",
]

[[package]]
name = "l64-symbolic"
version = "0.1.3"

[[package]]
name = "l64-transport"
version = "0.1.3"
dependencies = [
 "l64-certification",
 "l64-execution",
 "l64-native",
]
